<Solution>
  <Project Path="ConsoleApp/ConsoleApp.csproj" Id="2b10e486-5d84-4189-bfb3-5e4a3f91d2cb" />
  <Project Path="Models/Models.csproj" Id="8ba4b5c7-6af1-4583-baf1-380fe755d40a" />
  <Project Path="OrdersApp/OrdersApp.csproj" Id="8904ffa0-9927-45b2-a76b-cb8c88619df9" />
  <Project Path="Services.Bogus/Services.Bogus.csproj" Id="7fdf1af9-ba33-46b9-b2f8-ec2ca5d26a8f" />
  <Project Path="Services.Interfaces/Services.Interfaces.csproj" Id="dd1e784d-56f6-476b-b6d4-d7c7bbbcabec" />
  <Project Path="WpfApp/WpfApp.csproj" />
</Solution>
